
Microsoft Visual Studio Solution File, Format Version 12.00
# Visual Studio 2012
Project("{FAE04EC0-301F-11D3-BF4B-00C04F79EFBC}") = "WindowsFormsApplication1", "WindowsFormsApplication1\WindowsFormsApplication1.csproj", "{72E83D3F-3C18-43E1-8961-46250CCDA191}"
EndProject
Global
	GlobalSection(SolutionConfigurationPlatforms) = preSolution
		Debug|Any CPU = Debug|Any CPU
		Release|Any CPU = Release|Any CPU
	EndGlobalSection
	GlobalSection(ProjectConfigurationPlatforms) = postSolution
		{72E83D3F-3C18-43E1-8961-46250CCDA191}.Debug|Any CPU.ActiveCfg = Debug|Any CPU
		{72E83D3F-3C18-43E1-8961-46250CCDA191}.Debug|Any CPU.Build.0 = Debug|Any CPU
		{72E83D3F-3C18-43E1-8961-46250CCDA191}.Release|Any CPU.ActiveCfg = Release|Any CPU
		{72E83D3F-3C18-43E1-8961-46250CCDA191}.Release|Any CPU.Build.0 = Release|Any CPU
	EndGlobalSection
	GlobalSection(SolutionProperties) = preSolution
		HideSolutionNode = FALSE
	EndGlobalSection
EndGlobal
