
Microsoft Visual Studio Solution File, Format Version 12.00
# Visual Studio 2012
Project("{FAE04EC0-301F-11D3-BF4B-00C04F79EFBC}") = "DoWhile2", "DoWhile2\DoWhile2.csproj", "{AA45107B-481C-4706-842D-00AA1ED7BA38}"
EndProject
Global
	GlobalSection(SolutionConfigurationPlatforms) = preSolution
		Debug|Any CPU = Debug|Any CPU
		Release|Any CPU = Release|Any CPU
	EndGlobalSection
	GlobalSection(ProjectConfigurationPlatforms) = postSolution
		{AA45107B-481C-4706-842D-00AA1ED7BA38}.Debug|Any CPU.ActiveCfg = Debug|Any CPU
		{AA45107B-481C-4706-842D-00AA1ED7BA38}.Debug|Any CPU.Build.0 = Debug|Any CPU
		{AA45107B-481C-4706-842D-00AA1ED7BA38}.Release|Any CPU.ActiveCfg = Release|Any CPU
		{AA45107B-481C-4706-842D-00AA1ED7BA38}.Release|Any CPU.Build.0 = Release|Any CPU
	EndGlobalSection
	GlobalSection(SolutionProperties) = preSolution
		HideSolutionNode = FALSE
	EndGlobalSection
EndGlobal
