
Microsoft Visual Studio Solution File, Format Version 12.00
# Visual Studio 2012
Project("{FAE04EC0-301F-11D3-BF4B-00C04F79EFBC}") = "MouseHover", "MouseHover\MouseHover.csproj", "{D896F22E-9F46-4599-BBDE-4AC6013A7340}"
EndProject
Global
	GlobalSection(SolutionConfigurationPlatforms) = preSolution
		Debug|Any CPU = Debug|Any CPU
		Release|Any CPU = Release|Any CPU
	EndGlobalSection
	GlobalSection(ProjectConfigurationPlatforms) = postSolution
		{D896F22E-9F46-4599-BBDE-4AC6013A7340}.Debug|Any CPU.ActiveCfg = Debug|Any CPU
		{D896F22E-9F46-4599-BBDE-4AC6013A7340}.Debug|Any CPU.Build.0 = Debug|Any CPU
		{D896F22E-9F46-4599-BBDE-4AC6013A7340}.Release|Any CPU.ActiveCfg = Release|Any CPU
		{D896F22E-9F46-4599-BBDE-4AC6013A7340}.Release|Any CPU.Build.0 = Release|Any CPU
	EndGlobalSection
	GlobalSection(SolutionProperties) = preSolution
		HideSolutionNode = FALSE
	EndGlobalSection
EndGlobal
