
Microsoft Visual Studio Solution File, Format Version 12.00
# Visual Studio Version 17
VisualStudioVersion = 17.8.34330.188
MinimumVisualStudioVersion = 10.0.40219.1
Project("{FAE04EC0-301F-11D3-BF4B-00C04F79EFBC}") = "ntpsnav", "ntpsnav\ntpsnav.csproj", "{3D5F6EFC-BDF6-4EB4-9DBE-E04DDBC497BA}"
EndProject
Global
	GlobalSection(SolutionConfigurationPlatforms) = preSolution
		Debug|Any CPU = Debug|Any CPU
		Release|Any CPU = Release|Any CPU
	EndGlobalSection
	GlobalSection(ProjectConfigurationPlatforms) = postSolution
		{3D5F6EFC-BDF6-4EB4-9DBE-E04DDBC497BA}.Debug|Any CPU.ActiveCfg = Debug|Any CPU
		{3D5F6EFC-BDF6-4EB4-9DBE-E04DDBC497BA}.Debug|Any CPU.Build.0 = Debug|Any CPU
		{3D5F6EFC-BDF6-4EB4-9DBE-E04DDBC497BA}.Release|Any CPU.ActiveCfg = Release|Any CPU
		{3D5F6EFC-BDF6-4EB4-9DBE-E04DDBC497BA}.Release|Any CPU.Build.0 = Release|Any CPU
	EndGlobalSection
	GlobalSection(SolutionProperties) = preSolution
		HideSolutionNode = FALSE
	EndGlobalSection
	GlobalSection(ExtensibilityGlobals) = postSolution
		SolutionGuid = {DF86A418-A656-4424-BA77-5A060113BD23}
	EndGlobalSection
EndGlobal
