
Microsoft Visual Studio Solution File, Format Version 12.00
# Visual Studio 2012
Project("{FAE04EC0-301F-11D3-BF4B-00C04F79EFBC}") = "karsılastırma", "karsılastırma\karsılastırma.csproj", "{675650C9-B853-446D-A491-7E11CAF4D616}"
EndProject
Global
	GlobalSection(SolutionConfigurationPlatforms) = preSolution
		Debug|Any CPU = Debug|Any CPU
		Release|Any CPU = Release|Any CPU
	EndGlobalSection
	GlobalSection(ProjectConfigurationPlatforms) = postSolution
		{675650C9-B853-446D-A491-7E11CAF4D616}.Debug|Any CPU.ActiveCfg = Debug|Any CPU
		{675650C9-B853-446D-A491-7E11CAF4D616}.Debug|Any CPU.Build.0 = Debug|Any CPU
		{675650C9-B853-446D-A491-7E11CAF4D616}.Release|Any CPU.ActiveCfg = Release|Any CPU
		{675650C9-B853-446D-A491-7E11CAF4D616}.Release|Any CPU.Build.0 = Release|Any CPU
	EndGlobalSection
	GlobalSection(SolutionProperties) = preSolution
		HideSolutionNode = FALSE
	EndGlobalSection
EndGlobal
