
Microsoft Visual Studio Solution File, Format Version 12.00
# Visual Studio 2012
Project("{FAE04EC0-301F-11D3-BF4B-00C04F79EFBC}") = "WindowsFormsApplication8", "WindowsFormsApplication8\WindowsFormsApplication8.csproj", "{5B477A0F-1876-408C-B66E-F9C356BF59E5}"
EndProject
Global
	GlobalSection(SolutionConfigurationPlatforms) = preSolution
		Debug|Any CPU = Debug|Any CPU
		Release|Any CPU = Release|Any CPU
	EndGlobalSection
	GlobalSection(ProjectConfigurationPlatforms) = postSolution
		{5B477A0F-1876-408C-B66E-F9C356BF59E5}.Debug|Any CPU.ActiveCfg = Debug|Any CPU
		{5B477A0F-1876-408C-B66E-F9C356BF59E5}.Debug|Any CPU.Build.0 = Debug|Any CPU
		{5B477A0F-1876-408C-B66E-F9C356BF59E5}.Release|Any CPU.ActiveCfg = Release|Any CPU
		{5B477A0F-1876-408C-B66E-F9C356BF59E5}.Release|Any CPU.Build.0 = Release|Any CPU
	EndGlobalSection
	GlobalSection(SolutionProperties) = preSolution
		HideSolutionNode = FALSE
	EndGlobalSection
EndGlobal
