
Microsoft Visual Studio Solution File, Format Version 12.00
# Visual Studio 2012
Project("{FAE04EC0-301F-11D3-BF4B-00C04F79EFBC}") = "HataAyiklama", "HataAyiklama\HataAyiklama.csproj", "{C67215A7-378B-4D3E-895A-47010F9EFC83}"
EndProject
Global
	GlobalSection(SolutionConfigurationPlatforms) = preSolution
		Debug|Any CPU = Debug|Any CPU
		Release|Any CPU = Release|Any CPU
	EndGlobalSection
	GlobalSection(ProjectConfigurationPlatforms) = postSolution
		{C67215A7-378B-4D3E-895A-47010F9EFC83}.Debug|Any CPU.ActiveCfg = Debug|Any CPU
		{C67215A7-378B-4D3E-895A-47010F9EFC83}.Debug|Any CPU.Build.0 = Debug|Any CPU
		{C67215A7-378B-4D3E-895A-47010F9EFC83}.Release|Any CPU.ActiveCfg = Release|Any CPU
		{C67215A7-378B-4D3E-895A-47010F9EFC83}.Release|Any CPU.Build.0 = Release|Any CPU
	EndGlobalSection
	GlobalSection(SolutionProperties) = preSolution
		HideSolutionNode = FALSE
	EndGlobalSection
EndGlobal
