
Microsoft Visual Studio Solution File, Format Version 12.00
# Visual Studio Version 17
VisualStudioVersion = 17.8.34330.188
MinimumVisualStudioVersion = 10.0.40219.1
Project("{FAE04EC0-301F-11D3-BF4B-00C04F79EFBC}") = "DegerTip", "DegerTip\DegerTip.csproj", "{89AAFCA5-BEA3-4AB2-A559-FE605B7B060E}"
EndProject
Global
	GlobalSection(SolutionConfigurationPlatforms) = preSolution
		Debug|Any CPU = Debug|Any CPU
		Release|Any CPU = Release|Any CPU
	EndGlobalSection
	GlobalSection(ProjectConfigurationPlatforms) = postSolution
		{89AAFCA5-BEA3-4AB2-A559-FE605B7B060E}.Debug|Any CPU.ActiveCfg = Debug|Any CPU
		{89AAFCA5-BEA3-4AB2-A559-FE605B7B060E}.Debug|Any CPU.Build.0 = Debug|Any CPU
		{89AAFCA5-BEA3-4AB2-A559-FE605B7B060E}.Release|Any CPU.ActiveCfg = Release|Any CPU
		{89AAFCA5-BEA3-4AB2-A559-FE605B7B060E}.Release|Any CPU.Build.0 = Release|Any CPU
	EndGlobalSection
	GlobalSection(SolutionProperties) = preSolution
		HideSolutionNode = FALSE
	EndGlobalSection
	GlobalSection(ExtensibilityGlobals) = postSolution
		SolutionGuid = {EA0A2282-C610-4D68-9311-4EB31BC0391B}
	EndGlobalSection
EndGlobal
