
Microsoft Visual Studio Solution File, Format Version 12.00
# Visual Studio 2012
Project("{FAE04EC0-301F-11D3-BF4B-00C04F79EFBC}") = "ClassUygulama2", "ClassUygulama2\ClassUygulama2.csproj", "{4F5BB351-DE4C-4CD0-A738-B0FD1F9214BE}"
EndProject
Global
	GlobalSection(SolutionConfigurationPlatforms) = preSolution
		Debug|Any CPU = Debug|Any CPU
		Release|Any CPU = Release|Any CPU
	EndGlobalSection
	GlobalSection(ProjectConfigurationPlatforms) = postSolution
		{4F5BB351-DE4C-4CD0-A738-B0FD1F9214BE}.Debug|Any CPU.ActiveCfg = Debug|Any CPU
		{4F5BB351-DE4C-4CD0-A738-B0FD1F9214BE}.Debug|Any CPU.Build.0 = Debug|Any CPU
		{4F5BB351-DE4C-4CD0-A738-B0FD1F9214BE}.Release|Any CPU.ActiveCfg = Release|Any CPU
		{4F5BB351-DE4C-4CD0-A738-B0FD1F9214BE}.Release|Any CPU.Build.0 = Release|Any CPU
	EndGlobalSection
	GlobalSection(SolutionProperties) = preSolution
		HideSolutionNode = FALSE
	EndGlobalSection
EndGlobal
