
Microsoft Visual Studio Solution File, Format Version 12.00
# Visual Studio 2012
Project("{FAE04EC0-301F-11D3-BF4B-00C04F79EFBC}") = "TusTakimi", "TusTakimi\TusTakimi.csproj", "{CE5FB377-53CB-45C0-B8B6-B26E2725A3CB}"
EndProject
Global
	GlobalSection(SolutionConfigurationPlatforms) = preSolution
		Debug|Any CPU = Debug|Any CPU
		Release|Any CPU = Release|Any CPU
	EndGlobalSection
	GlobalSection(ProjectConfigurationPlatforms) = postSolution
		{CE5FB377-53CB-45C0-B8B6-B26E2725A3CB}.Debug|Any CPU.ActiveCfg = Debug|Any CPU
		{CE5FB377-53CB-45C0-B8B6-B26E2725A3CB}.Debug|Any CPU.Build.0 = Debug|Any CPU
		{CE5FB377-53CB-45C0-B8B6-B26E2725A3CB}.Release|Any CPU.ActiveCfg = Release|Any CPU
		{CE5FB377-53CB-45C0-B8B6-B26E2725A3CB}.Release|Any CPU.Build.0 = Release|Any CPU
	EndGlobalSection
	GlobalSection(SolutionProperties) = preSolution
		HideSolutionNode = FALSE
	EndGlobalSection
EndGlobal
