
Microsoft Visual Studio Solution File, Format Version 12.00
# Visual Studio 2012
Project("{FAE04EC0-301F-11D3-BF4B-00C04F79EFBC}") = "uygulama", "uygulama\uygulama.csproj", "{5F819E25-5EE4-41F1-AF44-606C2CB6D726}"
EndProject
Global
	GlobalSection(SolutionConfigurationPlatforms) = preSolution
		Debug|Any CPU = Debug|Any CPU
		Release|Any CPU = Release|Any CPU
	EndGlobalSection
	GlobalSection(ProjectConfigurationPlatforms) = postSolution
		{5F819E25-5EE4-41F1-AF44-606C2CB6D726}.Debug|Any CPU.ActiveCfg = Debug|Any CPU
		{5F819E25-5EE4-41F1-AF44-606C2CB6D726}.Debug|Any CPU.Build.0 = Debug|Any CPU
		{5F819E25-5EE4-41F1-AF44-606C2CB6D726}.Release|Any CPU.ActiveCfg = Release|Any CPU
		{5F819E25-5EE4-41F1-AF44-606C2CB6D726}.Release|Any CPU.Build.0 = Release|Any CPU
	EndGlobalSection
	GlobalSection(SolutionProperties) = preSolution
		HideSolutionNode = FALSE
	EndGlobalSection
EndGlobal
